// !$*UTF8*$!
{
	archiveVersion = 1;
	classes = {
	};
	objectVersion = 55;
	objects = {

/* Begin PBXBuildFile section */
		7E51394F3CE4EBB6935096DF /* Pods_StarSEexam.framework in Frameworks */ = {isa = PBXBuildFile; fileRef = AA1A5509BAFD8530AC59C3B4 /* Pods_StarSEexam.framework */; };
		A03B7A25A7C8662ADEC3F427 /* Pods_StarSEexamTests.framework in Frameworks */ = {isa = PBXBuildFile; fileRef = 6B1F169AE47EABBA3EB879DB /* Pods_StarSEexamTests.framework */; };
		B49E7BEB2C32408200F2F08E /* AppDelegate.swift in Sources */ = {isa = PBXBuildFile; fileRef = B49E7BEA2C32408200F2F08E /* AppDelegate.swift */; };
		B49E7BED2C32408200F2F08E /* SceneDelegate.swift in Sources */ = {isa = PBXBuildFile; fileRef = B49E7BEC2C32408200F2F08E /* SceneDelegate.swift */; };
		B49E7BEF2C32408200F2F08E /* ViewController.swift in Sources */ = {isa = PBXBuildFile; fileRef = B49E7BEE2C32408200F2F08E /* ViewController.swift */; };
		B49E7BF22C32408200F2F08E /* Main.storyboard in Resources */ = {isa = PBXBuildFile; fileRef = B49E7BF02C32408200F2F08E /* Main.storyboard */; };
		B49E7BF42C32408500F2F08E /* Assets.xcassets in Resources */ = {isa = PBXBuildFile; fileRef = B49E7BF32C32408500F2F08E /* Assets.xcassets */; };
		B49E7BF72C32408500F2F08E /* LaunchScreen.storyboard in Resources */ = {isa = PBXBuildFile; fileRef = B49E7BF52C32408500F2F08E /* LaunchScreen.storyboard */; };
		B49E7C022C32408500F2F08E /* StarSEexamTests.swift in Sources */ = {isa = PBXBuildFile; fileRef = B49E7C012C32408500F2F08E /* StarSEexamTests.swift */; };
		B49E7C0C2C32408500F2F08E /* StarSEexamUITests.swift in Sources */ = {isa = PBXBuildFile; fileRef = B49E7C0B2C32408500F2F08E /* StarSEexamUITests.swift */; };
		B49E7C0E2C32408500F2F08E /* StarSEexamUITestsLaunchTests.swift in Sources */ = {isa = PBXBuildFile; fileRef = B49E7C0D2C32408500F2F08E /* StarSEexamUITestsLaunchTests.swift */; };
		B4CB76A22C324D26005041FD /* Intro.storyboard in Resources */ = {isa = PBXBuildFile; fileRef = B4CB76A12C324D26005041FD /* Intro.storyboard */; };
		B4CB76A42C3250DF005041FD /* UIColor++.swift in Sources */ = {isa = PBXBuildFile; fileRef = B4CB76A32C3250DF005041FD /* UIColor++.swift */; };
		B4CB76AA2C32537E005041FD /* UITable++.swift in Sources */ = {isa = PBXBuildFile; fileRef = B4CB76A92C32537E005041FD /* UITable++.swift */; };
		B4CB76AC2C3253A4005041FD /* UIStoryboard++.swift in Sources */ = {isa = PBXBuildFile; fileRef = B4CB76AB2C3253A4005041FD /* UIStoryboard++.swift */; };
		B4CB76B02C3260F3005041FD /* Slide.swift in Sources */ = {isa = PBXBuildFile; fileRef = B4CB76AE2C3260F2005041FD /* Slide.swift */; };
		B4CB76B12C3260F3005041FD /* Slide.xib in Resources */ = {isa = PBXBuildFile; fileRef = B4CB76AF2C3260F2005041FD /* Slide.xib */; };
		B4CB76B32C32633E005041FD /* IntroVC.swift in Sources */ = {isa = PBXBuildFile; fileRef = B4CB76B22C32633E005041FD /* IntroVC.swift */; };
		B4CB76B52C326B2D005041FD /* UIWindow++.swift in Sources */ = {isa = PBXBuildFile; fileRef = B4CB76B42C326B2D005041FD /* UIWindow++.swift */; };
		B4CB76B72C326BEC005041FD /* AppCoordinator++.swift in Sources */ = {isa = PBXBuildFile; fileRef = B4CB76B62C326BEC005041FD /* AppCoordinator++.swift */; };
		B4CB76B92C327202005041FD /* UIView++.swift in Sources */ = {isa = PBXBuildFile; fileRef = B4CB76B82C327202005041FD /* UIView++.swift */; };
		BB292050965A0866FE45E57F /* Pods_StarSEexam_StarSEexamUITests.framework in Frameworks */ = {isa = PBXBuildFile; fileRef = 00701822AFA44278491983E0 /* Pods_StarSEexam_StarSEexamUITests.framework */; };
/* End PBXBuildFile section */

/* Begin PBXContainerItemProxy section */
		B49E7BFE2C32408500F2F08E /* PBXContainerItemProxy */ = {
			isa = PBXContainerItemProxy;
			containerPortal = B49E7BDF2C32408200F2F08E /* Project object */;
			proxyType = 1;
			remoteGlobalIDString = B49E7BE62C32408200F2F08E;
			remoteInfo = StarSEexam;
		};
		B49E7C082C32408500F2F08E /* PBXContainerItemProxy */ = {
			isa = PBXContainerItemProxy;
			containerPortal = B49E7BDF2C32408200F2F08E /* Project object */;
			proxyType = 1;
			remoteGlobalIDString = B49E7BE62C32408200F2F08E;
			remoteInfo = StarSEexam;
		};
/* End PBXContainerItemProxy section */

/* Begin PBXFileReference section */
		00701822AFA44278491983E0 /* Pods_StarSEexam_StarSEexamUITests.framework */ = {isa = PBXFileReference; explicitFileType = wrapper.framework; includeInIndex = 0; path = Pods_StarSEexam_StarSEexamUITests.framework; sourceTree = BUILT_PRODUCTS_DIR; };
		488A8A5AAE4F64823BC3F590 /* Pods-StarSEexamTests.debug.xcconfig */ = {isa = PBXFileReference; includeInIndex = 1; lastKnownFileType = text.xcconfig; name = "Pods-StarSEexamTests.debug.xcconfig"; path = "Target Support Files/Pods-StarSEexamTests/Pods-StarSEexamTests.debug.xcconfig"; sourceTree = "<group>"; };
		6B1F169AE47EABBA3EB879DB /* Pods_StarSEexamTests.framework */ = {isa = PBXFileReference; explicitFileType = wrapper.framework; includeInIndex = 0; path = Pods_StarSEexamTests.framework; sourceTree = BUILT_PRODUCTS_DIR; };
		78EC2BE2741BBFB34EC852C7 /* Pods-StarSEexamTests.release.xcconfig */ = {isa = PBXFileReference; includeInIndex = 1; lastKnownFileType = text.xcconfig; name = "Pods-StarSEexamTests.release.xcconfig"; path = "Target Support Files/Pods-StarSEexamTests/Pods-StarSEexamTests.release.xcconfig"; sourceTree = "<group>"; };
		869AC29C6E3C4F5233BE6CB2 /* Pods-StarSEexam.release.xcconfig */ = {isa = PBXFileReference; includeInIndex = 1; lastKnownFileType = text.xcconfig; name = "Pods-StarSEexam.release.xcconfig"; path = "Target Support Files/Pods-StarSEexam/Pods-StarSEexam.release.xcconfig"; sourceTree = "<group>"; };
		8BB1474684784D08ABECF9ED /* Pods-StarSEexam.debug.xcconfig */ = {isa = PBXFileReference; includeInIndex = 1; lastKnownFileType = text.xcconfig; name = "Pods-StarSEexam.debug.xcconfig"; path = "Target Support Files/Pods-StarSEexam/Pods-StarSEexam.debug.xcconfig"; sourceTree = "<group>"; };
		8E09B7BA3644D195D485E27B /* Pods-StarSEexam-StarSEexamUITests.debug.xcconfig */ = {isa = PBXFileReference; includeInIndex = 1; lastKnownFileType = text.xcconfig; name = "Pods-StarSEexam-StarSEexamUITests.debug.xcconfig"; path = "Target Support Files/Pods-StarSEexam-StarSEexamUITests/Pods-StarSEexam-StarSEexamUITests.debug.xcconfig"; sourceTree = "<group>"; };
		AA1A5509BAFD8530AC59C3B4 /* Pods_StarSEexam.framework */ = {isa = PBXFileReference; explicitFileType = wrapper.framework; includeInIndex = 0; path = Pods_StarSEexam.framework; sourceTree = BUILT_PRODUCTS_DIR; };
		B49E7BE72C32408200F2F08E /* StarSEexam.app */ = {isa = PBXFileReference; explicitFileType = wrapper.application; includeInIndex = 0; path = StarSEexam.app; sourceTree = BUILT_PRODUCTS_DIR; };
		B49E7BEA2C32408200F2F08E /* AppDelegate.swift */ = {isa = PBXFileReference; lastKnownFileType = sourcecode.swift; path = AppDelegate.swift; sourceTree = "<group>"; };
		B49E7BEC2C32408200F2F08E /* SceneDelegate.swift */ = {isa = PBXFileReference; lastKnownFileType = sourcecode.swift; path = SceneDelegate.swift; sourceTree = "<group>"; };
		B49E7BEE2C32408200F2F08E /* ViewController.swift */ = {isa = PBXFileReference; lastKnownFileType = sourcecode.swift; path = ViewController.swift; sourceTree = "<group>"; };
		B49E7BF12C32408200F2F08E /* Base */ = {isa = PBXFileReference; lastKnownFileType = file.storyboard; name = Base; path = Base.lproj/Main.storyboard; sourceTree = "<group>"; };
		B49E7BF32C32408500F2F08E /* Assets.xcassets */ = {isa = PBXFileReference; lastKnownFileType = folder.assetcatalog; path = Assets.xcassets; sourceTree = "<group>"; };
		B49E7BF62C32408500F2F08E /* Base */ = {isa = PBXFileReference; lastKnownFileType = file.storyboard; name = Base; path = Base.lproj/LaunchScreen.storyboard; sourceTree = "<group>"; };
		B49E7BF82C32408500F2F08E /* Info.plist */ = {isa = PBXFileReference; lastKnownFileType = text.plist.xml; path = Info.plist; sourceTree = "<group>"; };
		B49E7BFD2C32408500F2F08E /* StarSEexamTests.xctest */ = {isa = PBXFileReference; explicitFileType = wrapper.cfbundle; includeInIndex = 0; path = StarSEexamTests.xctest; sourceTree = BUILT_PRODUCTS_DIR; };
		B49E7C012C32408500F2F08E /* StarSEexamTests.swift */ = {isa = PBXFileReference; lastKnownFileType = sourcecode.swift; path = StarSEexamTests.swift; sourceTree = "<group>"; };
		B49E7C072C32408500F2F08E /* StarSEexamUITests.xctest */ = {isa = PBXFileReference; explicitFileType = wrapper.cfbundle; includeInIndex = 0; path = StarSEexamUITests.xctest; sourceTree = BUILT_PRODUCTS_DIR; };
		B49E7C0B2C32408500F2F08E /* StarSEexamUITests.swift */ = {isa = PBXFileReference; lastKnownFileType = sourcecode.swift; path = StarSEexamUITests.swift; sourceTree = "<group>"; };
		B49E7C0D2C32408500F2F08E /* StarSEexamUITestsLaunchTests.swift */ = {isa = PBXFileReference; lastKnownFileType = sourcecode.swift; path = StarSEexamUITestsLaunchTests.swift; sourceTree = "<group>"; };
		B4CB76A12C324D26005041FD /* Intro.storyboard */ = {isa = PBXFileReference; lastKnownFileType = file.storyboard; path = Intro.storyboard; sourceTree = "<group>"; };
		B4CB76A32C3250DF005041FD /* UIColor++.swift */ = {isa = PBXFileReference; lastKnownFileType = sourcecode.swift; path = "UIColor++.swift"; sourceTree = "<group>"; };
		B4CB76A92C32537E005041FD /* UITable++.swift */ = {isa = PBXFileReference; lastKnownFileType = sourcecode.swift; path = "UITable++.swift"; sourceTree = "<group>"; };
		B4CB76AB2C3253A4005041FD /* UIStoryboard++.swift */ = {isa = PBXFileReference; lastKnownFileType = sourcecode.swift; path = "UIStoryboard++.swift"; sourceTree = "<group>"; };
		B4CB76AE2C3260F2005041FD /* Slide.swift */ = {isa = PBXFileReference; fileEncoding = 4; lastKnownFileType = sourcecode.swift; path = Slide.swift; sourceTree = "<group>"; };
		B4CB76AF2C3260F2005041FD /* Slide.xib */ = {isa = PBXFileReference; fileEncoding = 4; lastKnownFileType = file.xib; path = Slide.xib; sourceTree = "<group>"; };
		B4CB76B22C32633E005041FD /* IntroVC.swift */ = {isa = PBXFileReference; lastKnownFileType = sourcecode.swift; path = IntroVC.swift; sourceTree = "<group>"; };
		B4CB76B42C326B2D005041FD /* UIWindow++.swift */ = {isa = PBXFileReference; lastKnownFileType = sourcecode.swift; path = "UIWindow++.swift"; sourceTree = "<group>"; };
		B4CB76B62C326BEC005041FD /* AppCoordinator++.swift */ = {isa = PBXFileReference; lastKnownFileType = sourcecode.swift; path = "AppCoordinator++.swift"; sourceTree = "<group>"; };
		B4CB76B82C327202005041FD /* UIView++.swift */ = {isa = PBXFileReference; lastKnownFileType = sourcecode.swift; path = "UIView++.swift"; sourceTree = "<group>"; };
		ED30E4E791A5509A0CAC98D7 /* Pods-StarSEexam-StarSEexamUITests.release.xcconfig */ = {isa = PBXFileReference; includeInIndex = 1; lastKnownFileType = text.xcconfig; name = "Pods-StarSEexam-StarSEexamUITests.release.xcconfig"; path = "Target Support Files/Pods-StarSEexam-StarSEexamUITests/Pods-StarSEexam-StarSEexamUITests.release.xcconfig"; sourceTree = "<group>"; };
/* End PBXFileReference section */

/* Begin PBXFrameworksBuildPhase section */
		B49E7BE42C32408200F2F08E /* Frameworks */ = {
			isa = PBXFrameworksBuildPhase;
			buildActionMask = 2147483647;
			files = (
				7E51394F3CE4EBB6935096DF /* Pods_StarSEexam.framework in Frameworks */,
			);
			runOnlyForDeploymentPostprocessing = 0;
		};
		B49E7BFA2C32408500F2F08E /* Frameworks */ = {
			isa = PBXFrameworksBuildPhase;
			buildActionMask = 2147483647;
			files = (
				A03B7A25A7C8662ADEC3F427 /* Pods_StarSEexamTests.framework in Frameworks */,
			);
			runOnlyForDeploymentPostprocessing = 0;
		};
		B49E7C042C32408500F2F08E /* Frameworks */ = {
			isa = PBXFrameworksBuildPhase;
			buildActionMask = 2147483647;
			files = (
				BB292050965A0866FE45E57F /* Pods_StarSEexam_StarSEexamUITests.framework in Frameworks */,
			);
			runOnlyForDeploymentPostprocessing = 0;
		};
/* End PBXFrameworksBuildPhase section */

/* Begin PBXGroup section */
		08AB09E68AA2B63CEC4955E2 /* Frameworks */ = {
			isa = PBXGroup;
			children = (
				AA1A5509BAFD8530AC59C3B4 /* Pods_StarSEexam.framework */,
				00701822AFA44278491983E0 /* Pods_StarSEexam_StarSEexamUITests.framework */,
				6B1F169AE47EABBA3EB879DB /* Pods_StarSEexamTests.framework */,
			);
			name = Frameworks;
			sourceTree = "<group>";
		};
		53E5EFE748743708A5114FF5 /* Pods */ = {
			isa = PBXGroup;
			children = (
				8BB1474684784D08ABECF9ED /* Pods-StarSEexam.debug.xcconfig */,
				869AC29C6E3C4F5233BE6CB2 /* Pods-StarSEexam.release.xcconfig */,
				8E09B7BA3644D195D485E27B /* Pods-StarSEexam-StarSEexamUITests.debug.xcconfig */,
				ED30E4E791A5509A0CAC98D7 /* Pods-StarSEexam-StarSEexamUITests.release.xcconfig */,
				488A8A5AAE4F64823BC3F590 /* Pods-StarSEexamTests.debug.xcconfig */,
				78EC2BE2741BBFB34EC852C7 /* Pods-StarSEexamTests.release.xcconfig */,
			);
			path = Pods;
			sourceTree = "<group>";
		};
		B49E7BDE2C32408200F2F08E = {
			isa = PBXGroup;
			children = (
				B49E7BE92C32408200F2F08E /* StarSEexam */,
				B49E7C002C32408500F2F08E /* StarSEexamTests */,
				B49E7C0A2C32408500F2F08E /* StarSEexamUITests */,
				B49E7BE82C32408200F2F08E /* Products */,
				53E5EFE748743708A5114FF5 /* Pods */,
				08AB09E68AA2B63CEC4955E2 /* Frameworks */,
			);
			sourceTree = "<group>";
		};
		B49E7BE82C32408200F2F08E /* Products */ = {
			isa = PBXGroup;
			children = (
				B49E7BE72C32408200F2F08E /* StarSEexam.app */,
				B49E7BFD2C32408500F2F08E /* StarSEexamTests.xctest */,
				B49E7C072C32408500F2F08E /* StarSEexamUITests.xctest */,
			);
			name = Products;
			sourceTree = "<group>";
		};
		B49E7BE92C32408200F2F08E /* StarSEexam */ = {
			isa = PBXGroup;
			children = (
				B4CB76A62C3250F7005041FD /* AppDelegate */,
				B4CB76AD2C3260F2005041FD /* NestedView */,
				B4CB76A52C3250EB005041FD /* Extension */,
				B4CB76A72C325101005041FD /* VC */,
				B4CB76A82C32510D005041FD /* Storyboard */,
				B49E7BF32C32408500F2F08E /* Assets.xcassets */,
				B49E7BF52C32408500F2F08E /* LaunchScreen.storyboard */,
				B49E7BF82C32408500F2F08E /* Info.plist */,
			);
			path = StarSEexam;
			sourceTree = "<group>";
		};
		B49E7C002C32408500F2F08E /* StarSEexamTests */ = {
			isa = PBXGroup;
			children = (
				B49E7C012C32408500F2F08E /* StarSEexamTests.swift */,
			);
			path = StarSEexamTests;
			sourceTree = "<group>";
		};
		B49E7C0A2C32408500F2F08E /* StarSEexamUITests */ = {
			isa = PBXGroup;
			children = (
				B49E7C0B2C32408500F2F08E /* StarSEexamUITests.swift */,
				B49E7C0D2C32408500F2F08E /* StarSEexamUITestsLaunchTests.swift */,
			);
			path = StarSEexamUITests;
			sourceTree = "<group>";
		};
		B4CB76A52C3250EB005041FD /* Extension */ = {
			isa = PBXGroup;
			children = (
				B4CB76A32C3250DF005041FD /* UIColor++.swift */,
				B4CB76B82C327202005041FD /* UIView++.swift */,
				B4CB76B42C326B2D005041FD /* UIWindow++.swift */,
				B4CB76B62C326BEC005041FD /* AppCoordinator++.swift */,
				B4CB76A92C32537E005041FD /* UITable++.swift */,
				B4CB76AB2C3253A4005041FD /* UIStoryboard++.swift */,
			);
			path = Extension;
			sourceTree = "<group>";
		};
		B4CB76A62C3250F7005041FD /* AppDelegate */ = {
			isa = PBXGroup;
			children = (
				B49E7BEA2C32408200F2F08E /* AppDelegate.swift */,
				B49E7BEC2C32408200F2F08E /* SceneDelegate.swift */,
			);
			path = AppDelegate;
			sourceTree = "<group>";
		};
		B4CB76A72C325101005041FD /* VC */ = {
			isa = PBXGroup;
			children = (
				B49E7BEE2C32408200F2F08E /* ViewController.swift */,
				B4CB76B22C32633E005041FD /* IntroVC.swift */,
			);
			path = VC;
			sourceTree = "<group>";
		};
		B4CB76A82C32510D005041FD /* Storyboard */ = {
			isa = PBXGroup;
			children = (
				B49E7BF02C32408200F2F08E /* Main.storyboard */,
				B4CB76A12C324D26005041FD /* Intro.storyboard */,
			);
			path = Storyboard;
			sourceTree = "<group>";
		};
		B4CB76AD2C3260F2005041FD /* NestedView */ = {
			isa = PBXGroup;
			children = (
				B4CB76AE2C3260F2005041FD /* Slide.swift */,
				B4CB76AF2C3260F2005041FD /* Slide.xib */,
			);
			path = NestedView;
			sourceTree = "<group>";
		};
/* End PBXGroup section */

/* Begin PBXNativeTarget section */
		B49E7BE62C32408200F2F08E /* StarSEexam */ = {
			isa = PBXNativeTarget;
			buildConfigurationList = B49E7C112C32408600F2F08E /* Build configuration list for PBXNativeTarget "StarSEexam" */;
			buildPhases = (
				823AAEB7CD74092FB89F7C3F /* [CP] Check Pods Manifest.lock */,
				B49E7BE32C32408200F2F08E /* Sources */,
				B49E7BE42C32408200F2F08E /* Frameworks */,
				B49E7BE52C32408200F2F08E /* Resources */,
			);
			buildRules = (
			);
			dependencies = (
			);
			name = StarSEexam;
			productName = StarSEexam;
			productReference = B49E7BE72C32408200F2F08E /* StarSEexam.app */;
			productType = "com.apple.product-type.application";
		};
		B49E7BFC2C32408500F2F08E /* StarSEexamTests */ = {
			isa = PBXNativeTarget;
			buildConfigurationList = B49E7C142C32408600F2F08E /* Build configuration list for PBXNativeTarget "StarSEexamTests" */;
			buildPhases = (
				E78C8AD72BE97C366A59F7F9 /* [CP] Check Pods Manifest.lock */,
				B49E7BF92C32408500F2F08E /* Sources */,
				B49E7BFA2C32408500F2F08E /* Frameworks */,
				B49E7BFB2C32408500F2F08E /* Resources */,
			);
			buildRules = (
			);
			dependencies = (
				B49E7BFF2C32408500F2F08E /* PBXTargetDependency */,
			);
			name = StarSEexamTests;
			productName = StarSEexamTests;
			productReference = B49E7BFD2C32408500F2F08E /* StarSEexamTests.xctest */;
			productType = "com.apple.product-type.bundle.unit-test";
		};
		B49E7C062C32408500F2F08E /* StarSEexamUITests */ = {
			isa = PBXNativeTarget;
			buildConfigurationList = B49E7C172C32408600F2F08E /* Build configuration list for PBXNativeTarget "StarSEexamUITests" */;
			buildPhases = (
				A4B25A728F3ABDF795D56A8C /* [CP] Check Pods Manifest.lock */,
				B49E7C032C32408500F2F08E /* Sources */,
				B49E7C042C32408500F2F08E /* Frameworks */,
				B49E7C052C32408500F2F08E /* Resources */,
			);
			buildRules = (
			);
			dependencies = (
				B49E7C092C32408500F2F08E /* PBXTargetDependency */,
			);
			name = StarSEexamUITests;
			productName = StarSEexamUITests;
			productReference = B49E7C072C32408500F2F08E /* StarSEexamUITests.xctest */;
			productType = "com.apple.product-type.bundle.ui-testing";
		};
/* End PBXNativeTarget section */

/* Begin PBXProject section */
		B49E7BDF2C32408200F2F08E /* Project object */ = {
			isa = PBXProject;
			attributes = {
				BuildIndependentTargetsInParallel = 1;
				LastSwiftUpdateCheck = 1300;
				LastUpgradeCheck = 1300;
				TargetAttributes = {
					B49E7BE62C32408200F2F08E = {
						CreatedOnToolsVersion = 13.0;
					};
					B49E7BFC2C32408500F2F08E = {
						CreatedOnToolsVersion = 13.0;
						TestTargetID = B49E7BE62C32408200F2F08E;
					};
					B49E7C062C32408500F2F08E = {
						CreatedOnToolsVersion = 13.0;
						TestTargetID = B49E7BE62C32408200F2F08E;
					};
				};
			};
			buildConfigurationList = B49E7BE22C32408200F2F08E /* Build configuration list for PBXProject "StarSEexam" */;
			compatibilityVersion = "Xcode 13.0";
			developmentRegion = en;
			hasScannedForEncodings = 0;
			knownRegions = (
				en,
				Base,
			);
			mainGroup = B49E7BDE2C32408200F2F08E;
			productRefGroup = B49E7BE82C32408200F2F08E /* Products */;
			projectDirPath = "";
			projectRoot = "";
			targets = (
				B49E7BE62C32408200F2F08E /* StarSEexam */,
				B49E7BFC2C32408500F2F08E /* StarSEexamTests */,
				B49E7C062C32408500F2F08E /* StarSEexamUITests */,
			);
		};
/* End PBXProject section */

/* Begin PBXResourcesBuildPhase section */
		B49E7BE52C32408200F2F08E /* Resources */ = {
			isa = PBXResourcesBuildPhase;
			buildActionMask = 2147483647;
			files = (
				B4CB76B12C3260F3005041FD /* Slide.xib in Resources */,
				B49E7BF72C32408500F2F08E /* LaunchScreen.storyboard in Resources */,
				B49E7BF42C32408500F2F08E /* Assets.xcassets in Resources */,
				B49E7BF22C32408200F2F08E /* Main.storyboard in Resources */,
				B4CB76A22C324D26005041FD /* Intro.storyboard in Resources */,
			);
			runOnlyForDeploymentPostprocessing = 0;
		};
		B49E7BFB2C32408500F2F08E /* Resources */ = {
			isa = PBXResourcesBuildPhase;
			buildActionMask = 2147483647;
			files = (
			);
			runOnlyForDeploymentPostprocessing = 0;
		};
		B49E7C052C32408500F2F08E /* Resources */ = {
			isa = PBXResourcesBuildPhase;
			buildActionMask = 2147483647;
			files = (
			);
			runOnlyForDeploymentPostprocessing = 0;
		};
/* End PBXResourcesBuildPhase section */

/* Begin PBXShellScriptBuildPhase section */
		823AAEB7CD74092FB89F7C3F /* [CP] Check Pods Manifest.lock */ = {
			isa = PBXShellScriptBuildPhase;
			buildActionMask = 2147483647;
			files = (
			);
			inputFileListPaths = (
			);
			inputPaths = (
				"${PODS_PODFILE_DIR_PATH}/Podfile.lock",
				"${PODS_ROOT}/Manifest.lock",
			);
			name = "[CP] Check Pods Manifest.lock";
			outputFileListPaths = (
			);
			outputPaths = (
				"$(DERIVED_FILE_DIR)/Pods-StarSEexam-checkManifestLockResult.txt",
			);
			runOnlyForDeploymentPostprocessing = 0;
			shellPath = /bin/sh;
			shellScript = "diff \"${PODS_PODFILE_DIR_PATH}/Podfile.lock\" \"${PODS_ROOT}/Manifest.lock\" > /dev/null\nif [ $? != 0 ] ; then\n    # print error to STDERR\n    echo \"error: The sandbox is not in sync with the Podfile.lock. Run 'pod install' or update your CocoaPods installation.\" >&2\n    exit 1\nfi\n# This output is used by Xcode 'outputs' to avoid re-running this script phase.\necho \"SUCCESS\" > \"${SCRIPT_OUTPUT_FILE_0}\"\n";
			showEnvVarsInLog = 0;
		};
		A4B25A728F3ABDF795D56A8C /* [CP] Check Pods Manifest.lock */ = {
			isa = PBXShellScriptBuildPhase;
			buildActionMask = 2147483647;
			files = (
			);
			inputFileListPaths = (
			);
			inputPaths = (
				"${PODS_PODFILE_DIR_PATH}/Podfile.lock",
				"${PODS_ROOT}/Manifest.lock",
			);
			name = "[CP] Check Pods Manifest.lock";
			outputFileListPaths = (
			);
			outputPaths = (
				"$(DERIVED_FILE_DIR)/Pods-StarSEexam-StarSEexamUITests-checkManifestLockResult.txt",
			);
			runOnlyForDeploymentPostprocessing = 0;
			shellPath = /bin/sh;
			shellScript = "diff \"${PODS_PODFILE_DIR_PATH}/Podfile.lock\" \"${PODS_ROOT}/Manifest.lock\" > /dev/null\nif [ $? != 0 ] ; then\n    # print error to STDERR\n    echo \"error: The sandbox is not in sync with the Podfile.lock. Run 'pod install' or update your CocoaPods installation.\" >&2\n    exit 1\nfi\n# This output is used by Xcode 'outputs' to avoid re-running this script phase.\necho \"SUCCESS\" > \"${SCRIPT_OUTPUT_FILE_0}\"\n";
			showEnvVarsInLog = 0;
		};
		E78C8AD72BE97C366A59F7F9 /* [CP] Check Pods Manifest.lock */ = {
			isa = PBXShellScriptBuildPhase;
			buildActionMask = 2147483647;
			files = (
			);
			inputFileListPaths = (
			);
			inputPaths = (
				"${PODS_PODFILE_DIR_PATH}/Podfile.lock",
				"${PODS_ROOT}/Manifest.lock",
			);
			name = "[CP] Check Pods Manifest.lock";
			outputFileListPaths = (
			);
			outputPaths = (
				"$(DERIVED_FILE_DIR)/Pods-StarSEexamTests-checkManifestLockResult.txt",
			);
			runOnlyForDeploymentPostprocessing = 0;
			shellPath = /bin/sh;
			shellScript = "diff \"${PODS_PODFILE_DIR_PATH}/Podfile.lock\" \"${PODS_ROOT}/Manifest.lock\" > /dev/null\nif [ $? != 0 ] ; then\n    # print error to STDERR\n    echo \"error: The sandbox is not in sync with the Podfile.lock. Run 'pod install' or update your CocoaPods installation.\" >&2\n    exit 1\nfi\n# This output is used by Xcode 'outputs' to avoid re-running this script phase.\necho \"SUCCESS\" > \"${SCRIPT_OUTPUT_FILE_0}\"\n";
			showEnvVarsInLog = 0;
		};
/* End PBXShellScriptBuildPhase section */

/* Begin PBXSourcesBuildPhase section */
		B49E7BE32C32408200F2F08E /* Sources */ = {
			isa = PBXSourcesBuildPhase;
			buildActionMask = 2147483647;
			files = (
				B49E7BEF2C32408200F2F08E /* ViewController.swift in Sources */,
				B4CB76A42C3250DF005041FD /* UIColor++.swift in Sources */,
				B4CB76B52C326B2D005041FD /* UIWindow++.swift in Sources */,
				B4CB76AC2C3253A4005041FD /* UIStoryboard++.swift in Sources */,
				B4CB76B72C326BEC005041FD /* AppCoordinator++.swift in Sources */,
				B49E7BEB2C32408200F2F08E /* AppDelegate.swift in Sources */,
				B4CB76B02C3260F3005041FD /* Slide.swift in Sources */,
				B4CB76B32C32633E005041FD /* IntroVC.swift in Sources */,
				B49E7BED2C32408200F2F08E /* SceneDelegate.swift in Sources */,
				B4CB76AA2C32537E005041FD /* UITable++.swift in Sources */,
				B4CB76B92C327202005041FD /* UIView++.swift in Sources */,
			);
			runOnlyForDeploymentPostprocessing = 0;
		};
		B49E7BF92C32408500F2F08E /* Sources */ = {
			isa = PBXSourcesBuildPhase;
			buildActionMask = 2147483647;
			files = (
				B49E7C022C32408500F2F08E /* StarSEexamTests.swift in Sources */,
			);
			runOnlyForDeploymentPostprocessing = 0;
		};
		B49E7C032C32408500F2F08E /* Sources */ = {
			isa = PBXSourcesBuildPhase;
			buildActionMask = 2147483647;
			files = (
				B49E7C0C2C32408500F2F08E /* StarSEexamUITests.swift in Sources */,
				B49E7C0E2C32408500F2F08E /* StarSEexamUITestsLaunchTests.swift in Sources */,
			);
			runOnlyForDeploymentPostprocessing = 0;
		};
/* End PBXSourcesBuildPhase section */

/* Begin PBXTargetDependency section */
		B49E7BFF2C32408500F2F08E /* PBXTargetDependency */ = {
			isa = PBXTargetDependency;
			target = B49E7BE62C32408200F2F08E /* StarSEexam */;
			targetProxy = B49E7BFE2C32408500F2F08E /* PBXContainerItemProxy */;
		};
		B49E7C092C32408500F2F08E /* PBXTargetDependency */ = {
			isa = PBXTargetDependency;
			target = B49E7BE62C32408200F2F08E /* StarSEexam */;
			targetProxy = B49E7C082C32408500F2F08E /* PBXContainerItemProxy */;
		};
/* End PBXTargetDependency section */

/* Begin PBXVariantGroup section */
		B49E7BF02C32408200F2F08E /* Main.storyboard */ = {
			isa = PBXVariantGroup;
			children = (
				B49E7BF12C32408200F2F08E /* Base */,
			);
			name = Main.storyboard;
			sourceTree = "<group>";
		};
		B49E7BF52C32408500F2F08E /* LaunchScreen.storyboard */ = {
			isa = PBXVariantGroup;
			children = (
				B49E7BF62C32408500F2F08E /* Base */,
			);
			name = LaunchScreen.storyboard;
			sourceTree = "<group>";
		};
/* End PBXVariantGroup section */

/* Begin XCBuildConfiguration section */
		B49E7C0F2C32408500F2F08E /* Debug */ = {
			isa = XCBuildConfiguration;
			buildSettings = {
				ALWAYS_SEARCH_USER_PATHS = NO;
				CLANG_ANALYZER_NONNULL = YES;
				CLANG_ANALYZER_NUMBER_OBJECT_CONVERSION = YES_AGGRESSIVE;
				CLANG_CXX_LANGUAGE_STANDARD = "gnu++17";
				CLANG_CXX_LIBRARY = "libc++";
				CLANG_ENABLE_MODULES = YES;
				CLANG_ENABLE_OBJC_ARC = YES;
				CLANG_ENABLE_OBJC_WEAK = YES;
				CLANG_WARN_BLOCK_CAPTURE_AUTORELEASING = YES;
				CLANG_WARN_BOOL_CONVERSION = YES;
				CLANG_WARN_COMMA = YES;
				CLANG_WARN_CONSTANT_CONVERSION = YES;
				CLANG_WARN_DEPRECATED_OBJC_IMPLEMENTATIONS = YES;
				CLANG_WARN_DIRECT_OBJC_ISA_USAGE = YES_ERROR;
				CLANG_WARN_DOCUMENTATION_COMMENTS = YES;
				CLANG_WARN_EMPTY_BODY = YES;
				CLANG_WARN_ENUM_CONVERSION = YES;
				CLANG_WARN_INFINITE_RECURSION = YES;
				CLANG_WARN_INT_CONVERSION = YES;
				CLANG_WARN_NON_LITERAL_NULL_CONVERSION = YES;
				CLANG_WARN_OBJC_IMPLICIT_RETAIN_SELF = YES;
				CLANG_WARN_OBJC_LITERAL_CONVERSION = YES;
				CLANG_WARN_OBJC_ROOT_CLASS = YES_ERROR;
				CLANG_WARN_QUOTED_INCLUDE_IN_FRAMEWORK_HEADER = YES;
				CLANG_WARN_RANGE_LOOP_ANALYSIS = YES;
				CLANG_WARN_STRICT_PROTOTYPES = YES;
				CLANG_WARN_SUSPICIOUS_MOVE = YES;
				CLANG_WARN_UNGUARDED_AVAILABILITY = YES_AGGRESSIVE;
				CLANG_WARN_UNREACHABLE_CODE = YES;
				CLANG_WARN__DUPLICATE_METHOD_MATCH = YES;
				COPY_PHASE_STRIP = NO;
				DEBUG_INFORMATION_FORMAT = dwarf;
				ENABLE_STRICT_OBJC_MSGSEND = YES;
				ENABLE_TESTABILITY = YES;
				GCC_C_LANGUAGE_STANDARD = gnu11;
				GCC_DYNAMIC_NO_PIC = NO;
				GCC_NO_COMMON_BLOCKS = YES;
				GCC_OPTIMIZATION_LEVEL = 0;
				GCC_PREPROCESSOR_DEFINITIONS = (
					"DEBUG=1",
					"$(inherited)",
				);
				GCC_WARN_64_TO_32_BIT_CONVERSION = YES;
				GCC_WARN_ABOUT_RETURN_TYPE = YES_ERROR;
				GCC_WARN_UNDECLARED_SELECTOR = YES;
				GCC_WARN_UNINITIALIZED_AUTOS = YES_AGGRESSIVE;
				GCC_WARN_UNUSED_FUNCTION = YES;
				GCC_WARN_UNUSED_VARIABLE = YES;
				IPHONEOS_DEPLOYMENT_TARGET = 15.0;
				MTL_ENABLE_DEBUG_INFO = INCLUDE_SOURCE;
				MTL_FAST_MATH = YES;
				ONLY_ACTIVE_ARCH = YES;
				SDKROOT = iphoneos;
				SWIFT_ACTIVE_COMPILATION_CONDITIONS = DEBUG;
				SWIFT_OPTIMIZATION_LEVEL = "-Onone";
			};
			name = Debug;
		};
		B49E7C102C32408500F2F08E /* Release */ = {
			isa = XCBuildConfiguration;
			buildSettings = {
				ALWAYS_SEARCH_USER_PATHS = NO;
				CLANG_ANALYZER_NONNULL = YES;
				CLANG_ANALYZER_NUMBER_OBJECT_CONVERSION = YES_AGGRESSIVE;
				CLANG_CXX_LANGUAGE_STANDARD = "gnu++17";
				CLANG_CXX_LIBRARY = "libc++";
				CLANG_ENABLE_MODULES = YES;
				CLANG_ENABLE_OBJC_ARC = YES;
				CLANG_ENABLE_OBJC_WEAK = YES;
				CLANG_WARN_BLOCK_CAPTURE_AUTORELEASING = YES;
				CLANG_WARN_BOOL_CONVERSION = YES;
				CLANG_WARN_COMMA = YES;
				CLANG_WARN_CONSTANT_CONVERSION = YES;
				CLANG_WARN_DEPRECATED_OBJC_IMPLEMENTATIONS = YES;
				CLANG_WARN_DIRECT_OBJC_ISA_USAGE = YES_ERROR;
				CLANG_WARN_DOCUMENTATION_COMMENTS = YES;
				CLANG_WARN_EMPTY_BODY = YES;
				CLANG_WARN_ENUM_CONVERSION = YES;
				CLANG_WARN_INFINITE_RECURSION = YES;
				CLANG_WARN_INT_CONVERSION = YES;
				CLANG_WARN_NON_LITERAL_NULL_CONVERSION = YES;
				CLANG_WARN_OBJC_IMPLICIT_RETAIN_SELF = YES;
				CLANG_WARN_OBJC_LITERAL_CONVERSION = YES;
				CLANG_WARN_OBJC_ROOT_CLASS = YES_ERROR;
				CLANG_WARN_QUOTED_INCLUDE_IN_FRAMEWORK_HEADER = YES;
				CLANG_WARN_RANGE_LOOP_ANALYSIS = YES;
				CLANG_WARN_STRICT_PROTOTYPES = YES;
				CLANG_WARN_SUSPICIOUS_MOVE = YES;
				CLANG_WARN_UNGUARDED_AVAILABILITY = YES_AGGRESSIVE;
				CLANG_WARN_UNREACHABLE_CODE = YES;
				CLANG_WARN__DUPLICATE_METHOD_MATCH = YES;
				COPY_PHASE_STRIP = NO;
				DEBUG_INFORMATION_FORMAT = "dwarf-with-dsym";
				ENABLE_NS_ASSERTIONS = NO;
				ENABLE_STRICT_OBJC_MSGSEND = YES;
				GCC_C_LANGUAGE_STANDARD = gnu11;
				GCC_NO_COMMON_BLOCKS = YES;
				GCC_WARN_64_TO_32_BIT_CONVERSION = YES;
				GCC_WARN_ABOUT_RETURN_TYPE = YES_ERROR;
				GCC_WARN_UNDECLARED_SELECTOR = YES;
				GCC_WARN_UNINITIALIZED_AUTOS = YES_AGGRESSIVE;
				GCC_WARN_UNUSED_FUNCTION = YES;
				GCC_WARN_UNUSED_VARIABLE = YES;
				IPHONEOS_DEPLOYMENT_TARGET = 15.0;
				MTL_ENABLE_DEBUG_INFO = NO;
				MTL_FAST_MATH = YES;
				SDKROOT = iphoneos;
				SWIFT_COMPILATION_MODE = wholemodule;
				SWIFT_OPTIMIZATION_LEVEL = "-O";
				VALIDATE_PRODUCT = YES;
			};
			name = Release;
		};
		B49E7C122C32408600F2F08E /* Debug */ = {
			isa = XCBuildConfiguration;
			baseConfigurationReference = 8BB1474684784D08ABECF9ED /* Pods-StarSEexam.debug.xcconfig */;
			buildSettings = {
				ASSETCATALOG_COMPILER_APPICON_NAME = AppIcon;
				ASSETCATALOG_COMPILER_GLOBAL_ACCENT_COLOR_NAME = AccentColor;
				CODE_SIGN_STYLE = Automatic;
				CURRENT_PROJECT_VERSION = 1;
				GENERATE_INFOPLIST_FILE = YES;
				INFOPLIST_FILE = StarSEexam/Info.plist;
				INFOPLIST_KEY_UIApplicationSupportsIndirectInputEvents = YES;
				INFOPLIST_KEY_UILaunchStoryboardName = LaunchScreen;
				INFOPLIST_KEY_UIMainStoryboardFile = Intro;
				INFOPLIST_KEY_UISupportedInterfaceOrientations_iPad = "UIInterfaceOrientationPortrait UIInterfaceOrientationPortraitUpsideDown UIInterfaceOrientationLandscapeLeft UIInterfaceOrientationLandscapeRight";
				INFOPLIST_KEY_UISupportedInterfaceOrientations_iPhone = "UIInterfaceOrientationPortrait UIInterfaceOrientationLandscapeLeft UIInterfaceOrientationLandscapeRight";
				IPHONEOS_DEPLOYMENT_TARGET = 12.0;
				LD_RUNPATH_SEARCH_PATHS = (
					"$(inherited)",
					"@executable_path/Frameworks",
				);
				MARKETING_VERSION = 1.0;
				PRODUCT_BUNDLE_IDENTIFIER = com.ssexam.StarSEexam;
				PRODUCT_NAME = "$(TARGET_NAME)";
				SWIFT_EMIT_LOC_STRINGS = YES;
				SWIFT_VERSION = 5.0;
				TARGETED_DEVICE_FAMILY = "1,2";
			};
			name = Debug;
		};
		B49E7C132C32408600F2F08E /* Release */ = {
			isa = XCBuildConfiguration;
			baseConfigurationReference = 869AC29C6E3C4F5233BE6CB2 /* Pods-StarSEexam.release.xcconfig */;
			buildSettings = {
				ASSETCATALOG_COMPILER_APPICON_NAME = AppIcon;
				ASSETCATALOG_COMPILER_GLOBAL_ACCENT_COLOR_NAME = AccentColor;
				CODE_SIGN_STYLE = Automatic;
				CURRENT_PROJECT_VERSION = 1;
				GENERATE_INFOPLIST_FILE = YES;
				INFOPLIST_FILE = StarSEexam/Info.plist;
				INFOPLIST_KEY_UIApplicationSupportsIndirectInputEvents = YES;
				INFOPLIST_KEY_UILaunchStoryboardName = LaunchScreen;
				INFOPLIST_KEY_UIMainStoryboardFile = Intro;
				INFOPLIST_KEY_UISupportedInterfaceOrientations_iPad = "UIInterfaceOrientationPortrait UIInterfaceOrientationPortraitUpsideDown UIInterfaceOrientationLandscapeLeft UIInterfaceOrientationLandscapeRight";
				INFOPLIST_KEY_UISupportedInterfaceOrientations_iPhone = "UIInterfaceOrientationPortrait UIInterfaceOrientationLandscapeLeft UIInterfaceOrientationLandscapeRight";
				IPHONEOS_DEPLOYMENT_TARGET = 12.0;
				LD_RUNPATH_SEARCH_PATHS = (
					"$(inherited)",
					"@executable_path/Frameworks",
				);
				MARKETING_VERSION = 1.0;
				PRODUCT_BUNDLE_IDENTIFIER = com.ssexam.StarSEexam;
				PRODUCT_NAME = "$(TARGET_NAME)";
				SWIFT_EMIT_LOC_STRINGS = YES;
				SWIFT_VERSION = 5.0;
				TARGETED_DEVICE_FAMILY = "1,2";
			};
			name = Release;
		};
		B49E7C152C32408600F2F08E /* Debug */ = {
			isa = XCBuildConfiguration;
			baseConfigurationReference = 488A8A5AAE4F64823BC3F590 /* Pods-StarSEexamTests.debug.xcconfig */;
			buildSettings = {
				ALWAYS_EMBED_SWIFT_STANDARD_LIBRARIES = YES;
				BUNDLE_LOADER = "$(TEST_HOST)";
				CODE_SIGN_STYLE = Automatic;
				CURRENT_PROJECT_VERSION = 1;
				GENERATE_INFOPLIST_FILE = YES;
				IPHONEOS_DEPLOYMENT_TARGET = 15.0;
				LD_RUNPATH_SEARCH_PATHS = (
					"$(inherited)",
					"@executable_path/Frameworks",
					"@loader_path/Frameworks",
				);
				MARKETING_VERSION = 1.0;
				PRODUCT_BUNDLE_IDENTIFIER = com.ssexam.StarSEexamTests;
				PRODUCT_NAME = "$(TARGET_NAME)";
				SWIFT_EMIT_LOC_STRINGS = NO;
				SWIFT_VERSION = 5.0;
				TARGETED_DEVICE_FAMILY = "1,2";
				TEST_HOST = "$(BUILT_PRODUCTS_DIR)/StarSEexam.app/StarSEexam";
			};
			name = Debug;
		};
		B49E7C162C32408600F2F08E /* Release */ = {
			isa = XCBuildConfiguration;
			baseConfigurationReference = 78EC2BE2741BBFB34EC852C7 /* Pods-StarSEexamTests.release.xcconfig */;
			buildSettings = {
				ALWAYS_EMBED_SWIFT_STANDARD_LIBRARIES = YES;
				BUNDLE_LOADER = "$(TEST_HOST)";
				CODE_SIGN_STYLE = Automatic;
				CURRENT_PROJECT_VERSION = 1;
				GENERATE_INFOPLIST_FILE = YES;
				IPHONEOS_DEPLOYMENT_TARGET = 15.0;
				LD_RUNPATH_SEARCH_PATHS = (
					"$(inherited)",
					"@executable_path/Frameworks",
					"@loader_path/Frameworks",
				);
				MARKETING_VERSION = 1.0;
				PRODUCT_BUNDLE_IDENTIFIER = com.ssexam.StarSEexamTests;
				PRODUCT_NAME = "$(TARGET_NAME)";
				SWIFT_EMIT_LOC_STRINGS = NO;
				SWIFT_VERSION = 5.0;
				TARGETED_DEVICE_FAMILY = "1,2";
				TEST_HOST = "$(BUILT_PRODUCTS_DIR)/StarSEexam.app/StarSEexam";
			};
			name = Release;
		};
		B49E7C182C32408600F2F08E /* Debug */ = {
			isa = XCBuildConfiguration;
			baseConfigurationReference = 8E09B7BA3644D195D485E27B /* Pods-StarSEexam-StarSEexamUITests.debug.xcconfig */;
			buildSettings = {
				ALWAYS_EMBED_SWIFT_STANDARD_LIBRARIES = YES;
				CODE_SIGN_STYLE = Automatic;
				CURRENT_PROJECT_VERSION = 1;
				GENERATE_INFOPLIST_FILE = YES;
				LD_RUNPATH_SEARCH_PATHS = (
					"$(inherited)",
					"@executable_path/Frameworks",
					"@loader_path/Frameworks",
				);
				MARKETING_VERSION = 1.0;
				PRODUCT_BUNDLE_IDENTIFIER = com.ssexam.StarSEexamUITests;
				PRODUCT_NAME = "$(TARGET_NAME)";
				SWIFT_EMIT_LOC_STRINGS = NO;
				SWIFT_VERSION = 5.0;
				TARGETED_DEVICE_FAMILY = "1,2";
				TEST_TARGET_NAME = StarSEexam;
			};
			name = Debug;
		};
		B49E7C192C32408600F2F08E /* Release */ = {
			isa = XCBuildConfiguration;
			baseConfigurationReference = ED30E4E791A5509A0CAC98D7 /* Pods-StarSEexam-StarSEexamUITests.release.xcconfig */;
			buildSettings = {
				ALWAYS_EMBED_SWIFT_STANDARD_LIBRARIES = YES;
				CODE_SIGN_STYLE = Automatic;
				CURRENT_PROJECT_VERSION = 1;
				GENERATE_INFOPLIST_FILE = YES;
				LD_RUNPATH_SEARCH_PATHS = (
					"$(inherited)",
					"@executable_path/Frameworks",
					"@loader_path/Frameworks",
				);
				MARKETING_VERSION = 1.0;
				PRODUCT_BUNDLE_IDENTIFIER = com.ssexam.StarSEexamUITests;
				PRODUCT_NAME = "$(TARGET_NAME)";
				SWIFT_EMIT_LOC_STRINGS = NO;
				SWIFT_VERSION = 5.0;
				TARGETED_DEVICE_FAMILY = "1,2";
				TEST_TARGET_NAME = StarSEexam;
			};
			name = Release;
		};
/* End XCBuildConfiguration section */

/* Begin XCConfigurationList section */
		B49E7BE22C32408200F2F08E /* Build configuration list for PBXProject "StarSEexam" */ = {
			isa = XCConfigurationList;
			buildConfigurations = (
				B49E7C0F2C32408500F2F08E /* Debug */,
				B49E7C102C32408500F2F08E /* Release */,
			);
			defaultConfigurationIsVisible = 0;
			defaultConfigurationName = Release;
		};
		B49E7C112C32408600F2F08E /* Build configuration list for PBXNativeTarget "StarSEexam" */ = {
			isa = XCConfigurationList;
			buildConfigurations = (
				B49E7C122C32408600F2F08E /* Debug */,
				B49E7C132C32408600F2F08E /* Release */,
			);
			defaultConfigurationIsVisible = 0;
			defaultConfigurationName = Release;
		};
		B49E7C142C32408600F2F08E /* Build configuration list for PBXNativeTarget "StarSEexamTests" */ = {
			isa = XCConfigurationList;
			buildConfigurations = (
				B49E7C152C32408600F2F08E /* Debug */,
				B49E7C162C32408600F2F08E /* Release */,
			);
			defaultConfigurationIsVisible = 0;
			defaultConfigurationName = Release;
		};
		B49E7C172C32408600F2F08E /* Build configuration list for PBXNativeTarget "StarSEexamUITests" */ = {
			isa = XCConfigurationList;
			buildConfigurations = (
				B49E7C182C32408600F2F08E /* Debug */,
				B49E7C192C32408600F2F08E /* Release */,
			);
			defaultConfigurationIsVisible = 0;
			defaultConfigurationName = Release;
		};
/* End XCConfigurationList section */
	};
	rootObject = B49E7BDF2C32408200F2F08E /* Project object */;
}
